// !$*UTF8*$!
{
	archiveVersion = 1;
	classes = {
	};
	objectVersion = 55;
	objects = {

/* Begin PBXBuildFile section */
		DCF28E30287EEA3E00B3855E /* main.cpp in Sources */ = {isa = PBXBuildFile; fileRef = DCF28E2F287EEA3E00B3855E /* main.cpp */; };
		DCF28E38287EF03F00B3855E /* card.cpp in Sources */ = {isa = PBXBuildFile; fileRef = DCF28E37287EF03F00B3855E /* card.cpp */; };
		DCF28E3B287F06D300B3855E /* CardDeck.cpp in Sources */ = {isa = PBXBuildFile; fileRef = DCF28E39287F06D300B3855E /* CardDeck.cpp */; };
		DCF28E3E287F48F700B3855E /* play.cpp in Sources */ = {isa = PBXBuildFile; fileRef = DCF28E3C287F48F700B3855E /* play.cpp */; };
/* End PBXBuildFile section */

/* Begin PBXCopyFilesBuildPhase section */
		DCF28E2A287EEA3E00B3855E /* CopyFiles */ = {
			isa = PBXCopyFilesBuildPhase;
			buildActionMask = 2147483647;
			dstPath = /usr/share/man/man1/;
			dstSubfolderSpec = 0;
			files = (
			);
			runOnlyForDeploymentPostprocessing = 1;
		};
/* End PBXCopyFilesBuildPhase section */

/* Begin PBXFileReference section */
		DCF28E2C287EEA3E00B3855E /* Øving_5 */ = {isa = PBXFileReference; explicitFileType = "compiled.mach-o.executable"; includeInIndex = 0; path = "Øving_5"; sourceTree = BUILT_PRODUCTS_DIR; };
		DCF28E2F287EEA3E00B3855E /* main.cpp */ = {isa = PBXFileReference; lastKnownFileType = sourcecode.cpp.cpp; path = main.cpp; sourceTree = "<group>"; };
		DCF28E36287EECE500B3855E /* card.h */ = {isa = PBXFileReference; lastKnownFileType = sourcecode.c.h; path = card.h; sourceTree = "<group>"; };
		DCF28E37287EF03F00B3855E /* card.cpp */ = {isa = PBXFileReference; lastKnownFileType = sourcecode.cpp.cpp; path = card.cpp; sourceTree = "<group>"; };
		DCF28E39287F06D300B3855E /* CardDeck.cpp */ = {isa = PBXFileReference; lastKnownFileType = sourcecode.cpp.cpp; path = CardDeck.cpp; sourceTree = "<group>"; };
		DCF28E3A287F06D300B3855E /* CardDeck.hpp */ = {isa = PBXFileReference; lastKnownFileType = sourcecode.cpp.h; path = CardDeck.hpp; sourceTree = "<group>"; };
		DCF28E3C287F48F700B3855E /* play.cpp */ = {isa = PBXFileReference; lastKnownFileType = sourcecode.cpp.cpp; path = play.cpp; sourceTree = "<group>"; };
		DCF28E3D287F48F700B3855E /* play.hpp */ = {isa = PBXFileReference; lastKnownFileType = sourcecode.cpp.h; path = play.hpp; sourceTree = "<group>"; };
/* End PBXFileReference section */

/* Begin PBXFrameworksBuildPhase section */
		DCF28E29287EEA3E00B3855E /* Frameworks */ = {
			isa = PBXFrameworksBuildPhase;
			buildActionMask = 2147483647;
			files = (
			);
			runOnlyForDeploymentPostprocessing = 0;
		};
/* End PBXFrameworksBuildPhase section */

/* Begin PBXGroup section */
		DCF28E23287EEA3E00B3855E = {
			isa = PBXGroup;
			children = (
				DCF28E3D287F48F700B3855E /* play.hpp */,
				DCF28E3C287F48F700B3855E /* play.cpp */,
				DCF28E3A287F06D300B3855E /* CardDeck.hpp */,
				DCF28E39287F06D300B3855E /* CardDeck.cpp */,
				DCF28E36287EECE500B3855E /* card.h */,
				DCF28E37287EF03F00B3855E /* card.cpp */,
				DCF28E2E287EEA3E00B3855E /* Øving_5 */,
				DCF28E2D287EEA3E00B3855E /* Products */,
			);
			sourceTree = "<group>";
		};
		DCF28E2D287EEA3E00B3855E /* Products */ = {
			isa = PBXGroup;
			children = (
				DCF28E2C287EEA3E00B3855E /* Øving_5 */,
			);
			name = Products;
			sourceTree = "<group>";
		};
		DCF28E2E287EEA3E00B3855E /* Øving_5 */ = {
			isa = PBXGroup;
			children = (
				DCF28E2F287EEA3E00B3855E /* main.cpp */,
			);
			path = "Øving_5";
			sourceTree = "<group>";
		};
/* End PBXGroup section */

/* Begin PBXNativeTarget section */
		DCF28E2B287EEA3E00B3855E /* Øving_5 */ = {
			isa = PBXNativeTarget;
			buildConfigurationList = DCF28E33287EEA3E00B3855E /* Build configuration list for PBXNativeTarget "Øving_5" */;
			buildPhases = (
				DCF28E28287EEA3E00B3855E /* Sources */,
				DCF28E29287EEA3E00B3855E /* Frameworks */,
				DCF28E2A287EEA3E00B3855E /* CopyFiles */,
			);
			buildRules = (
			);
			dependencies = (
			);
			name = "Øving_5";
			productName = "Øving_5";
			productReference = DCF28E2C287EEA3E00B3855E /* Øving_5 */;
			productType = "com.apple.product-type.tool";
		};
/* End PBXNativeTarget section */

/* Begin PBXProject section */
		DCF28E24287EEA3E00B3855E /* Project object */ = {
			isa = PBXProject;
			attributes = {
				BuildIndependentTargetsInParallel = 1;
				LastUpgradeCheck = 1340;
				TargetAttributes = {
					DCF28E2B287EEA3E00B3855E = {
						CreatedOnToolsVersion = 13.4.1;
					};
				};
			};
			buildConfigurationList = DCF28E27287EEA3E00B3855E /* Build configuration list for PBXProject "Øving_5" */;
			compatibilityVersion = "Xcode 13.0";
			developmentRegion = en;
			hasScannedForEncodings = 0;
			knownRegions = (
				en,
				Base,
			);
			mainGroup = DCF28E23287EEA3E00B3855E;
			productRefGroup = DCF28E2D287EEA3E00B3855E /* Products */;
			projectDirPath = "";
			projectRoot = "";
			targets = (
				DCF28E2B287EEA3E00B3855E /* Øving_5 */,
			);
		};
/* End PBXProject section */

/* Begin PBXSourcesBuildPhase section */
		DCF28E28287EEA3E00B3855E /* Sources */ = {
			isa = PBXSourcesBuildPhase;
			buildActionMask = 2147483647;
			files = (
				DCF28E3B287F06D300B3855E /* CardDeck.cpp in Sources */,
				DCF28E30287EEA3E00B3855E /* main.cpp in Sources */,
				DCF28E38287EF03F00B3855E /* card.cpp in Sources */,
				DCF28E3E287F48F700B3855E /* play.cpp in Sources */,
			);
			runOnlyForDeploymentPostprocessing = 0;
		};
/* End PBXSourcesBuildPhase section */

/* Begin XCBuildConfiguration section */
		DCF28E31287EEA3E00B3855E /* Debug */ = {
			isa = XCBuildConfiguration;
			buildSettings = {
				ALWAYS_SEARCH_USER_PATHS = NO;
				CLANG_ANALYZER_NONNULL = YES;
				CLANG_ANALYZER_NUMBER_OBJECT_CONVERSION = YES_AGGRESSIVE;
				CLANG_CXX_LANGUAGE_STANDARD = "gnu++17";
				CLANG_ENABLE_MODULES = YES;
				CLANG_ENABLE_OBJC_ARC = YES;
				CLANG_ENABLE_OBJC_WEAK = YES;
				CLANG_WARN_BLOCK_CAPTURE_AUTORELEASING = YES;
				CLANG_WARN_BOOL_CONVERSION = YES;
				CLANG_WARN_COMMA = YES;
				CLANG_WARN_CONSTANT_CONVERSION = YES;
				CLANG_WARN_DEPRECATED_OBJC_IMPLEMENTATIONS = YES;
				CLANG_WARN_DIRECT_OBJC_ISA_USAGE = YES_ERROR;
				CLANG_WARN_DOCUMENTATION_COMMENTS = YES;
				CLANG_WARN_EMPTY_BODY = YES;
				CLANG_WARN_ENUM_CONVERSION = YES;
				CLANG_WARN_INFINITE_RECURSION = YES;
				CLANG_WARN_INT_CONVERSION = YES;
				CLANG_WARN_NON_LITERAL_NULL_CONVERSION = YES;
				CLANG_WARN_OBJC_IMPLICIT_RETAIN_SELF = YES;
				CLANG_WARN_OBJC_LITERAL_CONVERSION = YES;
				CLANG_WARN_OBJC_ROOT_CLASS = YES_ERROR;
				CLANG_WARN_QUOTED_INCLUDE_IN_FRAMEWORK_HEADER = YES;
				CLANG_WARN_RANGE_LOOP_ANALYSIS = YES;
				CLANG_WARN_STRICT_PROTOTYPES = YES;
				CLANG_WARN_SUSPICIOUS_MOVE = YES;
				CLANG_WARN_UNGUARDED_AVAILABILITY = YES_AGGRESSIVE;
				CLANG_WARN_UNREACHABLE_CODE = YES;
				CLANG_WARN__DUPLICATE_METHOD_MATCH = YES;
				COPY_PHASE_STRIP = NO;
				DEBUG_INFORMATION_FORMAT = dwarf;
				ENABLE_STRICT_OBJC_MSGSEND = YES;
				ENABLE_TESTABILITY = YES;
				GCC_C_LANGUAGE_STANDARD = gnu11;
				GCC_DYNAMIC_NO_PIC = NO;
				GCC_NO_COMMON_BLOCKS = YES;
				GCC_OPTIMIZATION_LEVEL = 0;
				GCC_PREPROCESSOR_DEFINITIONS = (
					"DEBUG=1",
					"$(inherited)",
				);
				GCC_WARN_64_TO_32_BIT_CONVERSION = YES;
				GCC_WARN_ABOUT_RETURN_TYPE = YES_ERROR;
				GCC_WARN_UNDECLARED_SELECTOR = YES;
				GCC_WARN_UNINITIALIZED_AUTOS = YES_AGGRESSIVE;
				GCC_WARN_UNUSED_FUNCTION = YES;
				GCC_WARN_UNUSED_VARIABLE = YES;
				MACOSX_DEPLOYMENT_TARGET = 12.2;
				MTL_ENABLE_DEBUG_INFO = INCLUDE_SOURCE;
				MTL_FAST_MATH = YES;
				ONLY_ACTIVE_ARCH = YES;
				SDKROOT = macosx;
			};
			name = Debug;
		};
		DCF28E32287EEA3E00B3855E /* Release */ = {
			isa = XCBuildConfiguration;
			buildSettings = {
				ALWAYS_SEARCH_USER_PATHS = NO;
				CLANG_ANALYZER_NONNULL = YES;
				CLANG_ANALYZER_NUMBER_OBJECT_CONVERSION = YES_AGGRESSIVE;
				CLANG_CXX_LANGUAGE_STANDARD = "gnu++17";
				CLANG_ENABLE_MODULES = YES;
				CLANG_ENABLE_OBJC_ARC = YES;
				CLANG_ENABLE_OBJC_WEAK = YES;
				CLANG_WARN_BLOCK_CAPTURE_AUTORELEASING = YES;
				CLANG_WARN_BOOL_CONVERSION = YES;
				CLANG_WARN_COMMA = YES;
				CLANG_WARN_CONSTANT_CONVERSION = YES;
				CLANG_WARN_DEPRECATED_OBJC_IMPLEMENTATIONS = YES;
				CLANG_WARN_DIRECT_OBJC_ISA_USAGE = YES_ERROR;
				CLANG_WARN_DOCUMENTATION_COMMENTS = YES;
				CLANG_WARN_EMPTY_BODY = YES;
				CLANG_WARN_ENUM_CONVERSION = YES;
				CLANG_WARN_INFINITE_RECURSION = YES;
				CLANG_WARN_INT_CONVERSION = YES;
				CLANG_WARN_NON_LITERAL_NULL_CONVERSION = YES;
				CLANG_WARN_OBJC_IMPLICIT_RETAIN_SELF = YES;
				CLANG_WARN_OBJC_LITERAL_CONVERSION = YES;
				CLANG_WARN_OBJC_ROOT_CLASS = YES_ERROR;
				CLANG_WARN_QUOTED_INCLUDE_IN_FRAMEWORK_HEADER = YES;
				CLANG_WARN_RANGE_LOOP_ANALYSIS = YES;
				CLANG_WARN_STRICT_PROTOTYPES = YES;
				CLANG_WARN_SUSPICIOUS_MOVE = YES;
				CLANG_WARN_UNGUARDED_AVAILABILITY = YES_AGGRESSIVE;
				CLANG_WARN_UNREACHABLE_CODE = YES;
				CLANG_WARN__DUPLICATE_METHOD_MATCH = YES;
				COPY_PHASE_STRIP = NO;
				DEBUG_INFORMATION_FORMAT = "dwarf-with-dsym";
				ENABLE_NS_ASSERTIONS = NO;
				ENABLE_STRICT_OBJC_MSGSEND = YES;
				GCC_C_LANGUAGE_STANDARD = gnu11;
				GCC_NO_COMMON_BLOCKS = YES;
				GCC_WARN_64_TO_32_BIT_CONVERSION = YES;
				GCC_WARN_ABOUT_RETURN_TYPE = YES_ERROR;
				GCC_WARN_UNDECLARED_SELECTOR = YES;
				GCC_WARN_UNINITIALIZED_AUTOS = YES_AGGRESSIVE;
				GCC_WARN_UNUSED_FUNCTION = YES;
				GCC_WARN_UNUSED_VARIABLE = YES;
				MACOSX_DEPLOYMENT_TARGET = 12.2;
				MTL_ENABLE_DEBUG_INFO = NO;
				MTL_FAST_MATH = YES;
				SDKROOT = macosx;
			};
			name = Release;
		};
		DCF28E34287EEA3E00B3855E /* Debug */ = {
			isa = XCBuildConfiguration;
			buildSettings = {
				CODE_SIGN_STYLE = Automatic;
				PRODUCT_NAME = "$(TARGET_NAME)";
			};
			name = Debug;
		};
		DCF28E35287EEA3E00B3855E /* Release */ = {
			isa = XCBuildConfiguration;
			buildSettings = {
				CODE_SIGN_STYLE = Automatic;
				PRODUCT_NAME = "$(TARGET_NAME)";
			};
			name = Release;
		};
/* End XCBuildConfiguration section */

/* Begin XCConfigurationList section */
		DCF28E27287EEA3E00B3855E /* Build configuration list for PBXProject "Øving_5" */ = {
			isa = XCConfigurationList;
			buildConfigurations = (
				DCF28E31287EEA3E00B3855E /* Debug */,
				DCF28E32287EEA3E00B3855E /* Release */,
			);
			defaultConfigurationIsVisible = 0;
			defaultConfigurationName = Release;
		};
		DCF28E33287EEA3E00B3855E /* Build configuration list for PBXNativeTarget "Øving_5" */ = {
			isa = XCConfigurationList;
			buildConfigurations = (
				DCF28E34287EEA3E00B3855E /* Debug */,
				DCF28E35287EEA3E00B3855E /* Release */,
			);
			defaultConfigurationIsVisible = 0;
			defaultConfigurationName = Release;
		};
/* End XCConfigurationList section */
	};
	rootObject = DCF28E24287EEA3E00B3855E /* Project object */;
}
